// !$*UTF8*$!
{
	archiveVersion = 1;
	classes = {
	};
	objectVersion = 51;
	objects = {

/* Begin PBXBuildFile section */
		46421CAB25495A2D001772B8 /* BOButton.swift in Sources */ = {isa = PBXBuildFile; fileRef = 46421CAA25495A2D001772B8 /* BOButton.swift */; };
		46421CB0254969B8001772B8 /* FirebaseManager.swift in Sources */ = {isa = PBXBuildFile; fileRef = 46421CAF254969B8001772B8 /* FirebaseManager.swift */; };
		46421CB325496AFC001772B8 /* GoogleService-Info.plist in Resources */ = {isa = PBXBuildFile; fileRef = 46421CB225496AFC001772B8 /* GoogleService-Info.plist */; };
		464B3AD125484D7100B56BFC /* AppDelegate.swift in Sources */ = {isa = PBXBuildFile; fileRef = 464B3AD025484D7100B56BFC /* AppDelegate.swift */; };
		464B3AD325484D7100B56BFC /* SceneDelegate.swift in Sources */ = {isa = PBXBuildFile; fileRef = 464B3AD225484D7100B56BFC /* SceneDelegate.swift */; };
		464B3ADA25484D7300B56BFC /* Assets.xcassets in Resources */ = {isa = PBXBuildFile; fileRef = 464B3AD925484D7300B56BFC /* Assets.xcassets */; };
		464B3ADD25484D7300B56BFC /* LaunchScreen.storyboard in Resources */ = {isa = PBXBuildFile; fileRef = 464B3ADB25484D7300B56BFC /* LaunchScreen.storyboard */; };
		464B3AE8254850BB00B56BFC /* PredictOfDayVC.swift in Sources */ = {isa = PBXBuildFile; fileRef = 464B3AE7254850BB00B56BFC /* PredictOfDayVC.swift */; };
		464B3AEB254850C700B56BFC /* OldPredictsVC.swift in Sources */ = {isa = PBXBuildFile; fileRef = 464B3AEA254850C700B56BFC /* OldPredictsVC.swift */; };
		464B3AEF254851D600B56BFC /* BOTabBarController.swift in Sources */ = {isa = PBXBuildFile; fileRef = 464B3AEE254851D600B56BFC /* BOTabBarController.swift */; };
		464B3AF5254858DF00B56BFC /* BOSmallLabel.swift in Sources */ = {isa = PBXBuildFile; fileRef = 464B3AF4254858DF00B56BFC /* BOSmallLabel.swift */; };
		464B3AF8254859D100B56BFC /* BOLabel.swift in Sources */ = {isa = PBXBuildFile; fileRef = 464B3AF7254859D100B56BFC /* BOLabel.swift */; };
		464B3AFB25485C2200B56BFC /* Prediction.swift in Sources */ = {isa = PBXBuildFile; fileRef = 464B3AFA25485C2200B56BFC /* Prediction.swift */; };
		464B3AFE2548620A00B56BFC /* BOPredictionView.swift in Sources */ = {isa = PBXBuildFile; fileRef = 464B3AFD2548620A00B56BFC /* BOPredictionView.swift */; };
		464B3B0225486C4D00B56BFC /* BOPredictionSubView.swift in Sources */ = {isa = PBXBuildFile; fileRef = 464B3B0125486C4D00B56BFC /* BOPredictionSubView.swift */; };
		464B3B30254895D500B56BFC /* BOHeaderView.swift in Sources */ = {isa = PBXBuildFile; fileRef = 464B3B2F254895D500B56BFC /* BOHeaderView.swift */; };
		4696536725499E91007C2556 /* BOUser.swift in Sources */ = {isa = PBXBuildFile; fileRef = 4696536625499E91007C2556 /* BOUser.swift */; };
		4697EF36254C134D00159947 /* BOError.swift in Sources */ = {isa = PBXBuildFile; fileRef = 4697EF35254C134D00159947 /* BOError.swift */; };
		4697EF39254C14E500159947 /* UIViewController+Ext.swift in Sources */ = {isa = PBXBuildFile; fileRef = 4697EF38254C14E500159947 /* UIViewController+Ext.swift */; };
		4697EF3C254C199700159947 /* Constants.swift in Sources */ = {isa = PBXBuildFile; fileRef = 4697EF3B254C199700159947 /* Constants.swift */; };
		46CC7771254EB89900727B72 /* BOPredictionSubBoxLabel.swift in Sources */ = {isa = PBXBuildFile; fileRef = 46CC7770254EB89900727B72 /* BOPredictionSubBoxLabel.swift */; };
		46EE7F88254AD2D60054A473 /* SingleOldPredictVC.swift in Sources */ = {isa = PBXBuildFile; fileRef = 46EE7F87254AD2D60054A473 /* SingleOldPredictVC.swift */; };
		46EE7F8C254AE6A80054A473 /* BODataLoadingViewController.swift in Sources */ = {isa = PBXBuildFile; fileRef = 46EE7F8B254AE6A80054A473 /* BODataLoadingViewController.swift */; };
		F8C45629384E752CDBB90F98 /* Pods_3Banko.framework in Frameworks */ = {isa = PBXBuildFile; fileRef = E154B1454315FCED1DA4F6B0 /* Pods_3Banko.framework */; };
/* End PBXBuildFile section */

/* Begin PBXFileReference section */
		41636D0C22CC5BA6A3A94A7B /* Pods-3Banko.debug.xcconfig */ = {isa = PBXFileReference; includeInIndex = 1; lastKnownFileType = text.xcconfig; name = "Pods-3Banko.debug.xcconfig"; path = "Target Support Files/Pods-3Banko/Pods-3Banko.debug.xcconfig"; sourceTree = "<group>"; };
		46421CAA25495A2D001772B8 /* BOButton.swift */ = {isa = PBXFileReference; lastKnownFileType = sourcecode.swift; path = BOButton.swift; sourceTree = "<group>"; };
		46421CAF254969B8001772B8 /* FirebaseManager.swift */ = {isa = PBXFileReference; lastKnownFileType = sourcecode.swift; path = FirebaseManager.swift; sourceTree = "<group>"; };
		46421CB225496AFC001772B8 /* GoogleService-Info.plist */ = {isa = PBXFileReference; fileEncoding = 4; lastKnownFileType = text.plist.xml; path = "GoogleService-Info.plist"; sourceTree = "<group>"; };
		464B3ACD25484D7100B56BFC /* 3Banko.app */ = {isa = PBXFileReference; explicitFileType = wrapper.application; includeInIndex = 0; path = 3Banko.app; sourceTree = BUILT_PRODUCTS_DIR; };
		464B3AD025484D7100B56BFC /* AppDelegate.swift */ = {isa = PBXFileReference; lastKnownFileType = sourcecode.swift; path = AppDelegate.swift; sourceTree = "<group>"; };
		464B3AD225484D7100B56BFC /* SceneDelegate.swift */ = {isa = PBXFileReference; lastKnownFileType = sourcecode.swift; path = SceneDelegate.swift; sourceTree = "<group>"; };
		464B3AD925484D7300B56BFC /* Assets.xcassets */ = {isa = PBXFileReference; lastKnownFileType = folder.assetcatalog; path = Assets.xcassets; sourceTree = "<group>"; };
		464B3ADC25484D7300B56BFC /* Base */ = {isa = PBXFileReference; lastKnownFileType = file.storyboard; name = Base; path = Base.lproj/LaunchScreen.storyboard; sourceTree = "<group>"; };
		464B3ADE25484D7300B56BFC /* Info.plist */ = {isa = PBXFileReference; lastKnownFileType = text.plist.xml; path = Info.plist; sourceTree = "<group>"; };
		464B3AE7254850BB00B56BFC /* PredictOfDayVC.swift */ = {isa = PBXFileReference; lastKnownFileType = sourcecode.swift; path = PredictOfDayVC.swift; sourceTree = "<group>"; };
		464B3AEA254850C700B56BFC /* OldPredictsVC.swift */ = {isa = PBXFileReference; lastKnownFileType = sourcecode.swift; path = OldPredictsVC.swift; sourceTree = "<group>"; };
		464B3AEE254851D600B56BFC /* BOTabBarController.swift */ = {isa = PBXFileReference; lastKnownFileType = sourcecode.swift; path = BOTabBarController.swift; sourceTree = "<group>"; };
		464B3AF4254858DF00B56BFC /* BOSmallLabel.swift */ = {isa = PBXFileReference; lastKnownFileType = sourcecode.swift; path = BOSmallLabel.swift; sourceTree = "<group>"; };
		464B3AF7254859D100B56BFC /* BOLabel.swift */ = {isa = PBXFileReference; lastKnownFileType = sourcecode.swift; path = BOLabel.swift; sourceTree = "<group>"; };
		464B3AFA25485C2200B56BFC /* Prediction.swift */ = {isa = PBXFileReference; lastKnownFileType = sourcecode.swift; path = Prediction.swift; sourceTree = "<group>"; };
		464B3AFD2548620A00B56BFC /* BOPredictionView.swift */ = {isa = PBXFileReference; lastKnownFileType = sourcecode.swift; path = BOPredictionView.swift; sourceTree = "<group>"; };
		464B3B0125486C4D00B56BFC /* BOPredictionSubView.swift */ = {isa = PBXFileReference; lastKnownFileType = sourcecode.swift; path = BOPredictionSubView.swift; sourceTree = "<group>"; };
		464B3B2F254895D500B56BFC /* BOHeaderView.swift */ = {isa = PBXFileReference; lastKnownFileType = sourcecode.swift; path = BOHeaderView.swift; sourceTree = "<group>"; };
		4696536625499E91007C2556 /* BOUser.swift */ = {isa = PBXFileReference; lastKnownFileType = sourcecode.swift; path = BOUser.swift; sourceTree = "<group>"; };
		4697EF35254C134D00159947 /* BOError.swift */ = {isa = PBXFileReference; lastKnownFileType = sourcecode.swift; path = BOError.swift; sourceTree = "<group>"; };
		4697EF38254C14E500159947 /* UIViewController+Ext.swift */ = {isa = PBXFileReference; lastKnownFileType = sourcecode.swift; path = "UIViewController+Ext.swift"; sourceTree = "<group>"; };
		4697EF3B254C199700159947 /* Constants.swift */ = {isa = PBXFileReference; lastKnownFileType = sourcecode.swift; path = Constants.swift; sourceTree = "<group>"; };
		46CC7770254EB89900727B72 /* BOPredictionSubBoxLabel.swift */ = {isa = PBXFileReference; lastKnownFileType = sourcecode.swift; path = BOPredictionSubBoxLabel.swift; sourceTree = "<group>"; };
		46EB17B02552B6E600FD736D /* 3Banko.entitlements */ = {isa = PBXFileReference; lastKnownFileType = text.plist.entitlements; path = 3Banko.entitlements; sourceTree = "<group>"; };
		46EE7F87254AD2D60054A473 /* SingleOldPredictVC.swift */ = {isa = PBXFileReference; lastKnownFileType = sourcecode.swift; path = SingleOldPredictVC.swift; sourceTree = "<group>"; };
		46EE7F8B254AE6A80054A473 /* BODataLoadingViewController.swift */ = {isa = PBXFileReference; lastKnownFileType = sourcecode.swift; path = BODataLoadingViewController.swift; sourceTree = "<group>"; };
		E154B1454315FCED1DA4F6B0 /* Pods_3Banko.framework */ = {isa = PBXFileReference; explicitFileType = wrapper.framework; includeInIndex = 0; path = Pods_3Banko.framework; sourceTree = BUILT_PRODUCTS_DIR; };
		F0B521D34643355530A8941F /* Pods-3Banko.release.xcconfig */ = {isa = PBXFileReference; includeInIndex = 1; lastKnownFileType = text.xcconfig; name = "Pods-3Banko.release.xcconfig"; path = "Target Support Files/Pods-3Banko/Pods-3Banko.release.xcconfig"; sourceTree = "<group>"; };
/* End PBXFileReference section */

/* Begin PBXFrameworksBuildPhase section */
		464B3ACA25484D7100B56BFC /* Frameworks */ = {
			isa = PBXFrameworksBuildPhase;
			buildActionMask = 2147483647;
			files = (
				F8C45629384E752CDBB90F98 /* Pods_3Banko.framework in Frameworks */,
			);
			runOnlyForDeploymentPostprocessing = 0;
		};
/* End PBXFrameworksBuildPhase section */

/* Begin PBXGroup section */
		46421CAD25496992001772B8 /* Buttons */ = {
			isa = PBXGroup;
			children = (
				46421CAA25495A2D001772B8 /* BOButton.swift */,
			);
			path = Buttons;
			sourceTree = "<group>";
		};
		464B3AC425484D7100B56BFC = {
			isa = PBXGroup;
			children = (
				464B3ACF25484D7100B56BFC /* 3Banko */,
				464B3ACE25484D7100B56BFC /* Products */,
				6821815D91B60B9A80AEDE97 /* Pods */,
				F97F0B05EE7E578DF39E34CB /* Frameworks */,
			);
			sourceTree = "<group>";
		};
		464B3ACE25484D7100B56BFC /* Products */ = {
			isa = PBXGroup;
			children = (
				464B3ACD25484D7100B56BFC /* 3Banko.app */,
			);
			name = Products;
			sourceTree = "<group>";
		};
		464B3ACF25484D7100B56BFC /* 3Banko */ = {
			isa = PBXGroup;
			children = (
				46EB17B02552B6E600FD736D /* 3Banko.entitlements */,
				464B3B2E2548956B00B56BFC /* Supporting Files */,
				464B3ADE25484D7300B56BFC /* Info.plist */,
				46421CB225496AFC001772B8 /* GoogleService-Info.plist */,
				464B3B242548954400B56BFC /* Screens */,
				469BCA002551BFAE00EE1585 /* Custom Views */,
				464B3B2C2548956200B56BFC /* Model */,
				46EE7F8A254AE66E0054A473 /* Managers */,
				4697EF3E254C31BD00159947 /* Helpers */,
				4697EF41254C31CD00159947 /* Extensions */,
			);
			path = 3Banko;
			sourceTree = "<group>";
		};
		464B3B242548954400B56BFC /* Screens */ = {
			isa = PBXGroup;
			children = (
				464B3AE7254850BB00B56BFC /* PredictOfDayVC.swift */,
				464B3AEA254850C700B56BFC /* OldPredictsVC.swift */,
				46EE7F87254AD2D60054A473 /* SingleOldPredictVC.swift */,
			);
			path = Screens;
			sourceTree = "<group>";
		};
		464B3B262548954F00B56BFC /* Views */ = {
			isa = PBXGroup;
			children = (
				464B3AFD2548620A00B56BFC /* BOPredictionView.swift */,
				464B3B0125486C4D00B56BFC /* BOPredictionSubView.swift */,
				464B3B2F254895D500B56BFC /* BOHeaderView.swift */,
			);
			path = Views;
			sourceTree = "<group>";
		};
		464B3B282548955400B56BFC /* TabBarController */ = {
			isa = PBXGroup;
			children = (
				464B3AEE254851D600B56BFC /* BOTabBarController.swift */,
			);
			path = TabBarController;
			sourceTree = "<group>";
		};
		464B3B2A2548955D00B56BFC /* Labels */ = {
			isa = PBXGroup;
			children = (
				464B3AF4254858DF00B56BFC /* BOSmallLabel.swift */,
				464B3AF7254859D100B56BFC /* BOLabel.swift */,
				46CC7770254EB89900727B72 /* BOPredictionSubBoxLabel.swift */,
			);
			path = Labels;
			sourceTree = "<group>";
		};
		464B3B2C2548956200B56BFC /* Model */ = {
			isa = PBXGroup;
			children = (
				464B3AFA25485C2200B56BFC /* Prediction.swift */,
				4696536625499E91007C2556 /* BOUser.swift */,
			);
			path = Model;
			sourceTree = "<group>";
		};
		464B3B2E2548956B00B56BFC /* Supporting Files */ = {
			isa = PBXGroup;
			children = (
				464B3AD025484D7100B56BFC /* AppDelegate.swift */,
				464B3AD225484D7100B56BFC /* SceneDelegate.swift */,
				464B3AD925484D7300B56BFC /* Assets.xcassets */,
				464B3ADB25484D7300B56BFC /* LaunchScreen.storyboard */,
			);
			path = "Supporting Files";
			sourceTree = "<group>";
		};
		4697EF3E254C31BD00159947 /* Helpers */ = {
			isa = PBXGroup;
			children = (
				4697EF35254C134D00159947 /* BOError.swift */,
				4697EF3B254C199700159947 /* Constants.swift */,
			);
			path = Helpers;
			sourceTree = "<group>";
		};
		4697EF40254C31C600159947 /* ViewControllers */ = {
			isa = PBXGroup;
			children = (
				46EE7F8B254AE6A80054A473 /* BODataLoadingViewController.swift */,
			);
			path = ViewControllers;
			sourceTree = "<group>";
		};
		4697EF41254C31CD00159947 /* Extensions */ = {
			isa = PBXGroup;
			children = (
				4697EF38254C14E500159947 /* UIViewController+Ext.swift */,
			);
			path = Extensions;
			sourceTree = "<group>";
		};
		469BCA002551BFAE00EE1585 /* Custom Views */ = {
			isa = PBXGroup;
			children = (
				464B3B262548954F00B56BFC /* Views */,
				464B3B282548955400B56BFC /* TabBarController */,
				464B3B2A2548955D00B56BFC /* Labels */,
				46421CAD25496992001772B8 /* Buttons */,
				4697EF40254C31C600159947 /* ViewControllers */,
			);
			path = "Custom Views";
			sourceTree = "<group>";
		};
		46EE7F8A254AE66E0054A473 /* Managers */ = {
			isa = PBXGroup;
			children = (
				46421CAF254969B8001772B8 /* FirebaseManager.swift */,
			);
			path = Managers;
			sourceTree = "<group>";
		};
		6821815D91B60B9A80AEDE97 /* Pods */ = {
			isa = PBXGroup;
			children = (
				41636D0C22CC5BA6A3A94A7B /* Pods-3Banko.debug.xcconfig */,
				F0B521D34643355530A8941F /* Pods-3Banko.release.xcconfig */,
			);
			path = Pods;
			sourceTree = "<group>";
		};
		F97F0B05EE7E578DF39E34CB /* Frameworks */ = {
			isa = PBXGroup;
			children = (
				E154B1454315FCED1DA4F6B0 /* Pods_3Banko.framework */,
			);
			name = Frameworks;
			sourceTree = "<group>";
		};
/* End PBXGroup section */

/* Begin PBXNativeTarget section */
		464B3ACC25484D7100B56BFC /* 3Banko */ = {
			isa = PBXNativeTarget;
			buildConfigurationList = 464B3AE125484D7300B56BFC /* Build configuration list for PBXNativeTarget "3Banko" */;
			buildPhases = (
				F4E3E4A2406309E4702CBB46 /* [CP] Check Pods Manifest.lock */,
				464B3AC925484D7100B56BFC /* Sources */,
				464B3ACA25484D7100B56BFC /* Frameworks */,
				464B3ACB25484D7100B56BFC /* Resources */,
				DFDBBE3B4617BF2849E712D9 /* [CP] Embed Pods Frameworks */,
			);
			buildRules = (
			);
			dependencies = (
			);
			name = 3Banko;
			productName = 3Banko;
			productReference = 464B3ACD25484D7100B56BFC /* 3Banko.app */;
			productType = "com.apple.product-type.application";
		};
/* End PBXNativeTarget section */

/* Begin PBXProject section */
		464B3AC525484D7100B56BFC /* Project object */ = {
			isa = PBXProject;
			attributes = {
				LastSwiftUpdateCheck = 1210;
				LastUpgradeCheck = 1210;
				TargetAttributes = {
					464B3ACC25484D7100B56BFC = {
						CreatedOnToolsVersion = 12.1;
					};
				};
			};
			buildConfigurationList = 464B3AC825484D7100B56BFC /* Build configuration list for PBXProject "3Banko" */;
			compatibilityVersion = "Xcode 9.3";
			developmentRegion = en;
			hasScannedForEncodings = 0;
			knownRegions = (
				en,
				Base,
			);
			mainGroup = 464B3AC425484D7100B56BFC;
			productRefGroup = 464B3ACE25484D7100B56BFC /* Products */;
			projectDirPath = "";
			projectRoot = "";
			targets = (
				464B3ACC25484D7100B56BFC /* 3Banko */,
			);
		};
/* End PBXProject section */

/* Begin PBXResourcesBuildPhase section */
		464B3ACB25484D7100B56BFC /* Resources */ = {
			isa = PBXResourcesBuildPhase;
			buildActionMask = 2147483647;
			files = (
				464B3ADD25484D7300B56BFC /* LaunchScreen.storyboard in Resources */,
				464B3ADA25484D7300B56BFC /* Assets.xcassets in Resources */,
				46421CB325496AFC001772B8 /* GoogleService-Info.plist in Resources */,
			);
			runOnlyForDeploymentPostprocessing = 0;
		};
/* End PBXResourcesBuildPhase section */

/* Begin PBXShellScriptBuildPhase section */
		DFDBBE3B4617BF2849E712D9 /* [CP] Embed Pods Frameworks */ = {
			isa = PBXShellScriptBuildPhase;
			buildActionMask = 2147483647;
			files = (
			);
			inputFileListPaths = (
				"${PODS_ROOT}/Target Support Files/Pods-3Banko/Pods-3Banko-frameworks-${CONFIGURATION}-input-files.xcfilelist",
			);
			name = "[CP] Embed Pods Frameworks";
			outputFileListPaths = (
				"${PODS_ROOT}/Target Support Files/Pods-3Banko/Pods-3Banko-frameworks-${CONFIGURATION}-output-files.xcfilelist",
			);
			runOnlyForDeploymentPostprocessing = 0;
			shellPath = /bin/sh;
			shellScript = "\"${PODS_ROOT}/Target Support Files/Pods-3Banko/Pods-3Banko-frameworks.sh\"\n";
			showEnvVarsInLog = 0;
		};
		F4E3E4A2406309E4702CBB46 /* [CP] Check Pods Manifest.lock */ = {
			isa = PBXShellScriptBuildPhase;
			buildActionMask = 2147483647;
			files = (
			);
			inputFileListPaths = (
			);
			inputPaths = (
				"${PODS_PODFILE_DIR_PATH}/Podfile.lock",
				"${PODS_ROOT}/Manifest.lock",
			);
			name = "[CP] Check Pods Manifest.lock";
			outputFileListPaths = (
			);
			outputPaths = (
				"$(DERIVED_FILE_DIR)/Pods-3Banko-checkManifestLockResult.txt",
			);
			runOnlyForDeploymentPostprocessing = 0;
			shellPath = /bin/sh;
			shellScript = "diff \"${PODS_PODFILE_DIR_PATH}/Podfile.lock\" \"${PODS_ROOT}/Manifest.lock\" > /dev/null\nif [ $? != 0 ] ; then\n    # print error to STDERR\n    echo \"error: The sandbox is not in sync with the Podfile.lock. Run 'pod install' or update your CocoaPods installation.\" >&2\n    exit 1\nfi\n# This output is used by Xcode 'outputs' to avoid re-running this script phase.\necho \"SUCCESS\" > \"${SCRIPT_OUTPUT_FILE_0}\"\n";
			showEnvVarsInLog = 0;
		};
/* End PBXShellScriptBuildPhase section */

/* Begin PBXSourcesBuildPhase section */
		464B3AC925484D7100B56BFC /* Sources */ = {
			isa = PBXSourcesBuildPhase;
			buildActionMask = 2147483647;
			files = (
				46421CB0254969B8001772B8 /* FirebaseManager.swift in Sources */,
				4697EF3C254C199700159947 /* Constants.swift in Sources */,
				464B3B0225486C4D00B56BFC /* BOPredictionSubView.swift in Sources */,
				464B3AD125484D7100B56BFC /* AppDelegate.swift in Sources */,
				464B3AF8254859D100B56BFC /* BOLabel.swift in Sources */,
				464B3AFE2548620A00B56BFC /* BOPredictionView.swift in Sources */,
				46EE7F88254AD2D60054A473 /* SingleOldPredictVC.swift in Sources */,
				464B3AFB25485C2200B56BFC /* Prediction.swift in Sources */,
				4696536725499E91007C2556 /* BOUser.swift in Sources */,
				4697EF39254C14E500159947 /* UIViewController+Ext.swift in Sources */,
				4697EF36254C134D00159947 /* BOError.swift in Sources */,
				464B3B30254895D500B56BFC /* BOHeaderView.swift in Sources */,
				46421CAB25495A2D001772B8 /* BOButton.swift in Sources */,
				46CC7771254EB89900727B72 /* BOPredictionSubBoxLabel.swift in Sources */,
				464B3AE8254850BB00B56BFC /* PredictOfDayVC.swift in Sources */,
				464B3AEB254850C700B56BFC /* OldPredictsVC.swift in Sources */,
				46EE7F8C254AE6A80054A473 /* BODataLoadingViewController.swift in Sources */,
				464B3AEF254851D600B56BFC /* BOTabBarController.swift in Sources */,
				464B3AD325484D7100B56BFC /* SceneDelegate.swift in Sources */,
				464B3AF5254858DF00B56BFC /* BOSmallLabel.swift in Sources */,
			);
			runOnlyForDeploymentPostprocessing = 0;
		};
/* End PBXSourcesBuildPhase section */

/* Begin PBXVariantGroup section */
		464B3ADB25484D7300B56BFC /* LaunchScreen.storyboard */ = {
			isa = PBXVariantGroup;
			children = (
				464B3ADC25484D7300B56BFC /* Base */,
			);
			name = LaunchScreen.storyboard;
			sourceTree = "<group>";
		};
/* End PBXVariantGroup section */

/* Begin XCBuildConfiguration section */
		464B3ADF25484D7300B56BFC /* Debug */ = {
			isa = XCBuildConfiguration;
			buildSettings = {
				ALWAYS_SEARCH_USER_PATHS = NO;
				CLANG_ANALYZER_NONNULL = YES;
				CLANG_ANALYZER_NUMBER_OBJECT_CONVERSION = YES_AGGRESSIVE;
				CLANG_CXX_LANGUAGE_STANDARD = "gnu++14";
				CLANG_CXX_LIBRARY = "libc++";
				CLANG_ENABLE_MODULES = YES;
				CLANG_ENABLE_OBJC_ARC = YES;
				CLANG_ENABLE_OBJC_WEAK = YES;
				CLANG_WARN_BLOCK_CAPTURE_AUTORELEASING = YES;
				CLANG_WARN_BOOL_CONVERSION = YES;
				CLANG_WARN_COMMA = YES;
				CLANG_WARN_CONSTANT_CONVERSION = YES;
				CLANG_WARN_DEPRECATED_OBJC_IMPLEMENTATIONS = YES;
				CLANG_WARN_DIRECT_OBJC_ISA_USAGE = YES_ERROR;
				CLANG_WARN_DOCUMENTATION_COMMENTS = YES;
				CLANG_WARN_EMPTY_BODY = YES;
				CLANG_WARN_ENUM_CONVERSION = YES;
				CLANG_WARN_INFINITE_RECURSION = YES;
				CLANG_WARN_INT_CONVERSION = YES;
				CLANG_WARN_NON_LITERAL_NULL_CONVERSION = YES;
				CLANG_WARN_OBJC_IMPLICIT_RETAIN_SELF = YES;
				CLANG_WARN_OBJC_LITERAL_CONVERSION = YES;
				CLANG_WARN_OBJC_ROOT_CLASS = YES_ERROR;
				CLANG_WARN_QUOTED_INCLUDE_IN_FRAMEWORK_HEADER = YES;
				CLANG_WARN_RANGE_LOOP_ANALYSIS = YES;
				CLANG_WARN_STRICT_PROTOTYPES = YES;
				CLANG_WARN_SUSPICIOUS_MOVE = YES;
				CLANG_WARN_UNGUARDED_AVAILABILITY = YES_AGGRESSIVE;
				CLANG_WARN_UNREACHABLE_CODE = YES;
				CLANG_WARN__DUPLICATE_METHOD_MATCH = YES;
				COPY_PHASE_STRIP = NO;
				DEBUG_INFORMATION_FORMAT = dwarf;
				ENABLE_STRICT_OBJC_MSGSEND = YES;
				ENABLE_TESTABILITY = YES;
				GCC_C_LANGUAGE_STANDARD = gnu11;
				GCC_DYNAMIC_NO_PIC = NO;
				GCC_NO_COMMON_BLOCKS = YES;
				GCC_OPTIMIZATION_LEVEL = 0;
				GCC_PREPROCESSOR_DEFINITIONS = (
					"DEBUG=1",
					"$(inherited)",
				);
				GCC_WARN_64_TO_32_BIT_CONVERSION = YES;
				GCC_WARN_ABOUT_RETURN_TYPE = YES_ERROR;
				GCC_WARN_UNDECLARED_SELECTOR = YES;
				GCC_WARN_UNINITIALIZED_AUTOS = YES_AGGRESSIVE;
				GCC_WARN_UNUSED_FUNCTION = YES;
				GCC_WARN_UNUSED_VARIABLE = YES;
				IPHONEOS_DEPLOYMENT_TARGET = 14.1;
				MTL_ENABLE_DEBUG_INFO = INCLUDE_SOURCE;
				MTL_FAST_MATH = YES;
				ONLY_ACTIVE_ARCH = YES;
				SDKROOT = iphoneos;
				SWIFT_ACTIVE_COMPILATION_CONDITIONS = DEBUG;
				SWIFT_OPTIMIZATION_LEVEL = "-Onone";
			};
			name = Debug;
		};
		464B3AE025484D7300B56BFC /* Release */ = {
			isa = XCBuildConfiguration;
			buildSettings = {
				ALWAYS_SEARCH_USER_PATHS = NO;
				CLANG_ANALYZER_NONNULL = YES;
				CLANG_ANALYZER_NUMBER_OBJECT_CONVERSION = YES_AGGRESSIVE;
				CLANG_CXX_LANGUAGE_STANDARD = "gnu++14";
				CLANG_CXX_LIBRARY = "libc++";
				CLANG_ENABLE_MODULES = YES;
				CLANG_ENABLE_OBJC_ARC = YES;
				CLANG_ENABLE_OBJC_WEAK = YES;
				CLANG_WARN_BLOCK_CAPTURE_AUTORELEASING = YES;
				CLANG_WARN_BOOL_CONVERSION = YES;
				CLANG_WARN_COMMA = YES;
				CLANG_WARN_CONSTANT_CONVERSION = YES;
				CLANG_WARN_DEPRECATED_OBJC_IMPLEMENTATIONS = YES;
				CLANG_WARN_DIRECT_OBJC_ISA_USAGE = YES_ERROR;
				CLANG_WARN_DOCUMENTATION_COMMENTS = YES;
				CLANG_WARN_EMPTY_BODY = YES;
				CLANG_WARN_ENUM_CONVERSION = YES;
				CLANG_WARN_INFINITE_RECURSION = YES;
				CLANG_WARN_INT_CONVERSION = YES;
				CLANG_WARN_NON_LITERAL_NULL_CONVERSION = YES;
				CLANG_WARN_OBJC_IMPLICIT_RETAIN_SELF = YES;
				CLANG_WARN_OBJC_LITERAL_CONVERSION = YES;
				CLANG_WARN_OBJC_ROOT_CLASS = YES_ERROR;
				CLANG_WARN_QUOTED_INCLUDE_IN_FRAMEWORK_HEADER = YES;
				CLANG_WARN_RANGE_LOOP_ANALYSIS = YES;
				CLANG_WARN_STRICT_PROTOTYPES = YES;
				CLANG_WARN_SUSPICIOUS_MOVE = YES;
				CLANG_WARN_UNGUARDED_AVAILABILITY = YES_AGGRESSIVE;
				CLANG_WARN_UNREACHABLE_CODE = YES;
				CLANG_WARN__DUPLICATE_METHOD_MATCH = YES;
				COPY_PHASE_STRIP = NO;
				DEBUG_INFORMATION_FORMAT = "dwarf-with-dsym";
				ENABLE_NS_ASSERTIONS = NO;
				ENABLE_STRICT_OBJC_MSGSEND = YES;
				GCC_C_LANGUAGE_STANDARD = gnu11;
				GCC_NO_COMMON_BLOCKS = YES;
				GCC_WARN_64_TO_32_BIT_CONVERSION = YES;
				GCC_WARN_ABOUT_RETURN_TYPE = YES_ERROR;
				GCC_WARN_UNDECLARED_SELECTOR = YES;
				GCC_WARN_UNINITIALIZED_AUTOS = YES_AGGRESSIVE;
				GCC_WARN_UNUSED_FUNCTION = YES;
				GCC_WARN_UNUSED_VARIABLE = YES;
				IPHONEOS_DEPLOYMENT_TARGET = 14.1;
				MTL_ENABLE_DEBUG_INFO = NO;
				MTL_FAST_MATH = YES;
				SDKROOT = iphoneos;
				SWIFT_COMPILATION_MODE = wholemodule;
				SWIFT_OPTIMIZATION_LEVEL = "-O";
				VALIDATE_PRODUCT = YES;
			};
			name = Release;
		};
		464B3AE225484D7300B56BFC /* Debug */ = {
			isa = XCBuildConfiguration;
			baseConfigurationReference = 41636D0C22CC5BA6A3A94A7B /* Pods-3Banko.debug.xcconfig */;
			buildSettings = {
				ASSETCATALOG_COMPILER_APPICON_NAME = AppIcon;
				ASSETCATALOG_COMPILER_GLOBAL_ACCENT_COLOR_NAME = AccentColor;
				CODE_SIGN_ALLOW_ENTITLEMENTS_MODIFICATION = YES;
				CODE_SIGN_ENTITLEMENTS = 3Banko/3Banko.entitlements;
				CODE_SIGN_IDENTITY = "Apple Development";
				CODE_SIGN_STYLE = Automatic;
				DEVELOPMENT_TEAM = 3FP28BF586;
				INFOPLIST_FILE = 3Banko/Info.plist;
				LD_RUNPATH_SEARCH_PATHS = (
					"$(inherited)",
					"@executable_path/Frameworks",
				);
				PRODUCT_BUNDLE_IDENTIFIER = "com.foytingo.-Banko";
				PRODUCT_NAME = "$(TARGET_NAME)";
				PROVISIONING_PROFILE_SPECIFIER = "";
				SWIFT_VERSION = 5.0;
				TARGETED_DEVICE_FAMILY = 1;
			};
			name = Debug;
		};
		464B3AE325484D7300B56BFC /* Release */ = {
			isa = XCBuildConfiguration;
			baseConfigurationReference = F0B521D34643355530A8941F /* Pods-3Banko.release.xcconfig */;
			buildSettings = {
				ASSETCATALOG_COMPILER_APPICON_NAME = AppIcon;
				ASSETCATALOG_COMPILER_GLOBAL_ACCENT_COLOR_NAME = AccentColor;
				CODE_SIGN_ALLOW_ENTITLEMENTS_MODIFICATION = YES;
				CODE_SIGN_ENTITLEMENTS = 3Banko/3Banko.entitlements;
				CODE_SIGN_IDENTITY = "Apple Development";
				CODE_SIGN_STYLE = Automatic;
				DEVELOPMENT_TEAM = 3FP28BF586;
				INFOPLIST_FILE = 3Banko/Info.plist;
				LD_RUNPATH_SEARCH_PATHS = (
					"$(inherited)",
					"@executable_path/Frameworks",
				);
				PRODUCT_BUNDLE_IDENTIFIER = "com.foytingo.-Banko";
				PRODUCT_NAME = "$(TARGET_NAME)";
				PROVISIONING_PROFILE_SPECIFIER = "";
				SWIFT_VERSION = 5.0;
				TARGETED_DEVICE_FAMILY = 1;
			};
			name = Release;
		};
/* End XCBuildConfiguration section */

/* Begin XCConfigurationList section */
		464B3AC825484D7100B56BFC /* Build configuration list for PBXProject "3Banko" */ = {
			isa = XCConfigurationList;
			buildConfigurations = (
				464B3ADF25484D7300B56BFC /* Debug */,
				464B3AE025484D7300B56BFC /* Release */,
			);
			defaultConfigurationIsVisible = 0;
			defaultConfigurationName = Release;
		};
		464B3AE125484D7300B56BFC /* Build configuration list for PBXNativeTarget "3Banko" */ = {
			isa = XCConfigurationList;
			buildConfigurations = (
				464B3AE225484D7300B56BFC /* Debug */,
				464B3AE325484D7300B56BFC /* Release */,
			);
			defaultConfigurationIsVisible = 0;
			defaultConfigurationName = Release;
		};
/* End XCConfigurationList section */
	};
	rootObject = 464B3AC525484D7100B56BFC /* Project object */;
}
